
Microsoft Visual Studio Solution File, Format Version 12.00
# Visual Studio Version 17
VisualStudioVersion = 17.5.002.0
MinimumVisualStudioVersion = 10.0.40219.1
Project("{2150E333-8FDC-42A3-9474-1A3956D46DE8}") = "WebAPI", "WebAPI", "{7FD082F5-3600-47A5-AE73-EA965C6841B3}"
EndProject
Project("{9A19103F-16F7-4668-BE54-9A1E7A4F7556}") = "HomeWebApi", "WebAPI\HomeWebApi\HomeWebApi.csproj", "{CBAF26C6-7B4F-4481-AA42-C006BC53BF45}"
EndProject
Global
	GlobalSection(SolutionConfigurationPlatforms) = preSolution
		Debug|Any CPU = Debug|Any CPU
		Release|Any CPU = Release|Any CPU
	EndGlobalSection
	GlobalSection(ProjectConfigurationPlatforms) = postSolution
		{CBAF26C6-7B4F-4481-AA42-C006BC53BF45}.Debug|Any CPU.ActiveCfg = Debug|Any CPU
		{CBAF26C6-7B4F-4481-AA42-C006BC53BF45}.Debug|Any CPU.Build.0 = Debug|Any CPU
		{CBAF26C6-7B4F-4481-AA42-C006BC53BF45}.Release|Any CPU.ActiveCfg = Release|Any CPU
		{CBAF26C6-7B4F-4481-AA42-C006BC53BF45}.Release|Any CPU.Build.0 = Release|Any CPU
	EndGlobalSection
	GlobalSection(SolutionProperties) = preSolution
		HideSolutionNode = FALSE
	EndGlobalSection
	GlobalSection(NestedProjects) = preSolution
		{CBAF26C6-7B4F-4481-AA42-C006BC53BF45} = {7FD082F5-3600-47A5-AE73-EA965C6841B3}
	EndGlobalSection
	GlobalSection(ExtensibilityGlobals) = postSolution
		SolutionGuid = {9414CC03-272E-4795-B7AC-96CC5BBEFED9}
	EndGlobalSection
EndGlobal
